
Microsoft Visual Studio Solution File, Format Version 12.00
# Visual Studio 14
VisualStudioVersion = 14.0.24720.0
MinimumVisualStudioVersion = 10.0.40219.1
Project("{FAE04EC0-301F-11D3-BF4B-00C04F79EFBC}") = "LiasseLD", "LiasseLD\LiasseLD.csproj", "{2CEC9165-8C5C-41E0-8627-078452FEE93F}"
EndProject
Global
	GlobalSection(SolutionConfigurationPlatforms) = preSolution
		Debug|Any CPU = Debug|Any CPU
		Release|Any CPU = Release|Any CPU
	EndGlobalSection
	GlobalSection(ProjectConfigurationPlatforms) = postSolution
		{2CEC9165-8C5C-41E0-8627-078452FEE93F}.Debug|Any CPU.ActiveCfg = Debug|Any CPU
		{2CEC9165-8C5C-41E0-8627-078452FEE93F}.Debug|Any CPU.Build.0 = Debug|Any CPU
		{2CEC9165-8C5C-41E0-8627-078452FEE93F}.Release|Any CPU.ActiveCfg = Release|Any CPU
		{2CEC9165-8C5C-41E0-8627-078452FEE93F}.Release|Any CPU.Build.0 = Release|Any CPU
	EndGlobalSection
	GlobalSection(SolutionProperties) = preSolution
		HideSolutionNode = FALSE
	EndGlobalSection
EndGlobal
